Microsoft Visual Studio Solution File, Format Version 12.00
# Visual Studio 2013
VisualStudioVersion = 12.0.30723.0
Project("{FC63A62D-B959-4B54-959C-66162D57ED9E}") = "leetcpp", "leetcpp.vcxproj", "{F5C684F9-867A-466A-935F-665CEFACF553}"
EndProject
Global
	GlobalSection(SolutionConfigurationPlatforms) = preSolution
		Debug|Win32 = Debug|Win32
		Release|Win32 = Release|Win32
	EndGlobalSection
	GlobalSection(ProjectConfigurationPlatforms) = postSolution
		{F5C684F9-867A-466A-935F-665CEFACF553}.Debug|Win32.ActiveCfg = Debug|Win32
		{F5C684F9-867A-466A-935F-665CEFACF553}.Debug|Win32.Build.0 = Debug|Win32
		{F5C684F9-867A-466A-935F-665CEFACF553}.Release|Win32.ActiveCfg = Release|Win32
		{F5C684F9-867A-466A-935F-665CEFACF553}.Release|Win32.Build.0 = Release|Win32
	EndGlobalSection
	GlobalSection(SolutionProperties) = preSolution
		HideSolutionNode = FALSE
	EndGlobalSection
EndGlobal
