<?xml version="1.0" encoding="utf-8"?>
<Project ToolsVersion="4.0" xmlns="http://schemas.microsoft.com/developer/msbuild/2003">
  <ItemGroup>
    <ClCompile Include="..\solutions\maximum_product_subarray.cc" />
    <ClCompile Include="..\solutions\maximum_product_subarray_unittest.cc" />
    <ClCompile Include="..\solutions\plus_one.cc" />
    <ClCompile Include="..\solutions\plus_one_unittest.cc" />
    <ClCompile Include="..\solutions\remove_duplicates_from_sorted_array.cc" />
    <ClCompile Include="..\solutions\remove_duplicates_from_sorted_array_unittest.cc" />
    <ClCompile Include="..\solutions\remove_element.cc" />
    <ClCompile Include="..\solutions\remove_element_unittest.cc" />
    <ClCompile Include="..\solutions\reverse_words_in_a_string.cc" />
    <ClCompile Include="..\solutions\set_matrix_zeroes.cc" />
    <ClCompile Include="..\solutions\set_matrix_zeroes_unittest.cc" />
    <ClCompile Include="..\solutions\symmetric_tree.cc" />
    <ClCompile Include="..\solutions\word_search.cc" />
    <ClCompile Include="..\test\*.cc" />
    <ClCompile Include="..\test\*.cc" />
    <ClCompile Include="..\test\*.cc" />
    <ClCompile Include="..\solutions\lru_cache.cc" />
    <ClCompile Include="..\solutions\lru_cache_unittest.cc" />
  </ItemGroup>
  <ItemGroup>
    <ClInclude Include="..\solutions\maximum_product_subarray.h" />
    <ClInclude Include="..\solutions\plus_one.h" />
    <ClInclude Include="..\solutions\remove_duplicates_from_sorted_array.h" />
    <ClInclude Include="..\solutions\remove_element.h" />
    <ClInclude Include="..\solutions\set_matrix_zeroes.h" />
    <ClInclude Include="..\solutions\word_search.h" />
    <ClInclude Include="..\solutions\lru_cache.h" />
  </ItemGroup>
  <ItemGroup>
    <None Include="..\.gitignore" />
    <None Include="..\README.md">
      <Filter>doc</Filter>
    </None>
  </ItemGroup>
  <ItemGroup>
    <Filter Include="doc">
      <UniqueIdentifier>{8e8e8b89-9e2f-417b-8b18-2353cca1794a}</UniqueIdentifier>
    </Filter>
  </ItemGroup>
</Project>